
Microsoft Visual Studio Solution File, Format Version 12.00
# Visual Studio Version 17
VisualStudioVersion = 17.4.33213.308
MinimumVisualStudioVersion = 10.0.40219.1
Project("{FAE04EC0-301F-11D3-BF4B-00C04F79EFBC}") = "WebApplication11", "WebApplication11.csproj", "{C64E8944-E05E-452A-B63D-D7EF587D9272}"
EndProject
Global
	GlobalSection(SolutionConfigurationPlatforms) = preSolution
		Debug|Any CPU = Debug|Any CPU
		Release|Any CPU = Release|Any CPU
	EndGlobalSection
	GlobalSection(ProjectConfigurationPlatforms) = postSolution
		{C64E8944-E05E-452A-B63D-D7EF587D9272}.Debug|Any CPU.ActiveCfg = Debug|Any CPU
		{C64E8944-E05E-452A-B63D-D7EF587D9272}.Debug|Any CPU.Build.0 = Debug|Any CPU
		{C64E8944-E05E-452A-B63D-D7EF587D9272}.Release|Any CPU.ActiveCfg = Release|Any CPU
		{C64E8944-E05E-452A-B63D-D7EF587D9272}.Release|Any CPU.Build.0 = Release|Any CPU
	EndGlobalSection
	GlobalSection(SolutionProperties) = preSolution
		HideSolutionNode = FALSE
	EndGlobalSection
	GlobalSection(ExtensibilityGlobals) = postSolution
		SolutionGuid = {2CF97305-2F2E-4DE5-817B-9A147A4EE323}
	EndGlobalSection
EndGlobal
